Microsoft Visual Studio Solution File, Format Version 12.00
# Visual Studio 2012
Project("{8BC9CEB8-8B4A-11D0-8D11-00A0C91BC942}") = "sfml-audio", "src\SFML\Audio\sfml-audio.vcxproj", "{C0C05BA1-5845-4F2A-9ABC-845FAED21774}"
	ProjectSection(ProjectDependencies) = postProject
		{53AF0885-4D28-49DF-B5B7-A8FDAF2D48CC} = {53AF0885-4D28-49DF-B5B7-A8FDAF2D48CC}
	EndProjectSection
EndProject
Project("{8BC9CEB8-8B4A-11D0-8D11-00A0C91BC942}") = "sfml-graphics", "src\SFML\Graphics\sfml-graphics.vcxproj", "{B840523D-406F-4603-9235-3F13B2D710B3}"
	ProjectSection(ProjectDependencies) = postProject
		{53AF0885-4D28-49DF-B5B7-A8FDAF2D48CC} = {53AF0885-4D28-49DF-B5B7-A8FDAF2D48CC}
		{3624D250-1D8B-400F-8789-426A6A70695A} = {3624D250-1D8B-400F-8789-426A6A70695A}
	EndProjectSection
EndProject
Project("{8BC9CEB8-8B4A-11D0-8D11-00A0C91BC942}") = "sfml-main", "src\SFML\Main\sfml-main.vcxproj", "{39378548-E563-4513-B3CA-CFCF9F8B3BF1}"
EndProject
Project("{8BC9CEB8-8B4A-11D0-8D11-00A0C91BC942}") = "sfml-network", "src\SFML\Network\sfml-network.vcxproj", "{4B5B9A32-42A0-4A91-B17F-A9D43A65540C}"
	ProjectSection(ProjectDependencies) = postProject
		{53AF0885-4D28-49DF-B5B7-A8FDAF2D48CC} = {53AF0885-4D28-49DF-B5B7-A8FDAF2D48CC}
	EndProjectSection
EndProject
Project("{8BC9CEB8-8B4A-11D0-8D11-00A0C91BC942}") = "sfml-system", "src\SFML\System\sfml-system.vcxproj", "{53AF0885-4D28-49DF-B5B7-A8FDAF2D48CC}"
EndProject
Project("{8BC9CEB8-8B4A-11D0-8D11-00A0C91BC942}") = "sfml-window", "src\SFML\Window\sfml-window.vcxproj", "{3624D250-1D8B-400F-8789-426A6A70695A}"
	ProjectSection(ProjectDependencies) = postProject
		{53AF0885-4D28-49DF-B5B7-A8FDAF2D48CC} = {53AF0885-4D28-49DF-B5B7-A8FDAF2D48CC}
	EndProjectSection
EndProject
Project("{2150E333-8FDC-42A3-9474-1A3956D46DE8}") = "SFML", "SFML", "{E379DB3D-8A31-4355-A2B3-6E9BD6C77C5E}"
EndProject
Project("{8BC9CEB8-8B4A-11D0-8D11-00A0C91BC942}") = "Spectre", "src\Spectre\Spectre.vcxproj", "{F336BAA2-49AD-4B99-B22B-82609406D622}"
EndProject
Global
	GlobalSection(SolutionConfigurationPlatforms) = preSolution
		Debug|Win32 = Debug|Win32
		MinSizeRel|Win32 = MinSizeRel|Win32
		Release|Win32 = Release|Win32
		RelWithDebInfo|Win32 = RelWithDebInfo|Win32
	EndGlobalSection
	GlobalSection(ProjectConfigurationPlatforms) = postSolution
		{C0C05BA1-5845-4F2A-9ABC-845FAED21774}.Debug|Win32.ActiveCfg = Debug|Win32
		{C0C05BA1-5845-4F2A-9ABC-845FAED21774}.Debug|Win32.Build.0 = Debug|Win32
		{C0C05BA1-5845-4F2A-9ABC-845FAED21774}.MinSizeRel|Win32.ActiveCfg = MinSizeRel|Win32
		{C0C05BA1-5845-4F2A-9ABC-845FAED21774}.MinSizeRel|Win32.Build.0 = MinSizeRel|Win32
		{C0C05BA1-5845-4F2A-9ABC-845FAED21774}.Release|Win32.ActiveCfg = Release|Win32
		{C0C05BA1-5845-4F2A-9ABC-845FAED21774}.Release|Win32.Build.0 = Release|Win32
		{C0C05BA1-5845-4F2A-9ABC-845FAED21774}.RelWithDebInfo|Win32.ActiveCfg = RelWithDebInfo|Win32
		{C0C05BA1-5845-4F2A-9ABC-845FAED21774}.RelWithDebInfo|Win32.Build.0 = RelWithDebInfo|Win32
		{B840523D-406F-4603-9235-3F13B2D710B3}.Debug|Win32.ActiveCfg = Debug|Win32
		{B840523D-406F-4603-9235-3F13B2D710B3}.Debug|Win32.Build.0 = Debug|Win32
		{B840523D-406F-4603-9235-3F13B2D710B3}.MinSizeRel|Win32.ActiveCfg = MinSizeRel|Win32
		{B840523D-406F-4603-9235-3F13B2D710B3}.MinSizeRel|Win32.Build.0 = MinSizeRel|Win32
		{B840523D-406F-4603-9235-3F13B2D710B3}.Release|Win32.ActiveCfg = Release|Win32
		{B840523D-406F-4603-9235-3F13B2D710B3}.Release|Win32.Build.0 = Release|Win32
		{B840523D-406F-4603-9235-3F13B2D710B3}.RelWithDebInfo|Win32.ActiveCfg = RelWithDebInfo|Win32
		{B840523D-406F-4603-9235-3F13B2D710B3}.RelWithDebInfo|Win32.Build.0 = RelWithDebInfo|Win32
		{39378548-E563-4513-B3CA-CFCF9F8B3BF1}.Debug|Win32.ActiveCfg = Debug|Win32
		{39378548-E563-4513-B3CA-CFCF9F8B3BF1}.Debug|Win32.Build.0 = Debug|Win32
		{39378548-E563-4513-B3CA-CFCF9F8B3BF1}.MinSizeRel|Win32.ActiveCfg = MinSizeRel|Win32
		{39378548-E563-4513-B3CA-CFCF9F8B3BF1}.MinSizeRel|Win32.Build.0 = MinSizeRel|Win32
		{39378548-E563-4513-B3CA-CFCF9F8B3BF1}.Release|Win32.ActiveCfg = Release|Win32
		{39378548-E563-4513-B3CA-CFCF9F8B3BF1}.Release|Win32.Build.0 = Release|Win32
		{39378548-E563-4513-B3CA-CFCF9F8B3BF1}.RelWithDebInfo|Win32.ActiveCfg = RelWithDebInfo|Win32
		{39378548-E563-4513-B3CA-CFCF9F8B3BF1}.RelWithDebInfo|Win32.Build.0 = RelWithDebInfo|Win32
		{4B5B9A32-42A0-4A91-B17F-A9D43A65540C}.Debug|Win32.ActiveCfg = Debug|Win32
		{4B5B9A32-42A0-4A91-B17F-A9D43A65540C}.Debug|Win32.Build.0 = Debug|Win32
		{4B5B9A32-42A0-4A91-B17F-A9D43A65540C}.MinSizeRel|Win32.ActiveCfg = MinSizeRel|Win32
		{4B5B9A32-42A0-4A91-B17F-A9D43A65540C}.MinSizeRel|Win32.Build.0 = MinSizeRel|Win32
		{4B5B9A32-42A0-4A91-B17F-A9D43A65540C}.Release|Win32.ActiveCfg = Release|Win32
		{4B5B9A32-42A0-4A91-B17F-A9D43A65540C}.Release|Win32.Build.0 = Release|Win32
		{4B5B9A32-42A0-4A91-B17F-A9D43A65540C}.RelWithDebInfo|Win32.ActiveCfg = RelWithDebInfo|Win32
		{4B5B9A32-42A0-4A91-B17F-A9D43A65540C}.RelWithDebInfo|Win32.Build.0 = RelWithDebInfo|Win32
		{53AF0885-4D28-49DF-B5B7-A8FDAF2D48CC}.Debug|Win32.ActiveCfg = Debug|Win32
		{53AF0885-4D28-49DF-B5B7-A8FDAF2D48CC}.Debug|Win32.Build.0 = Debug|Win32
		{53AF0885-4D28-49DF-B5B7-A8FDAF2D48CC}.MinSizeRel|Win32.ActiveCfg = MinSizeRel|Win32
		{53AF0885-4D28-49DF-B5B7-A8FDAF2D48CC}.MinSizeRel|Win32.Build.0 = MinSizeRel|Win32
		{53AF0885-4D28-49DF-B5B7-A8FDAF2D48CC}.Release|Win32.ActiveCfg = Release|Win32
		{53AF0885-4D28-49DF-B5B7-A8FDAF2D48CC}.Release|Win32.Build.0 = Release|Win32
		{53AF0885-4D28-49DF-B5B7-A8FDAF2D48CC}.RelWithDebInfo|Win32.ActiveCfg = RelWithDebInfo|Win32
		{53AF0885-4D28-49DF-B5B7-A8FDAF2D48CC}.RelWithDebInfo|Win32.Build.0 = RelWithDebInfo|Win32
		{3624D250-1D8B-400F-8789-426A6A70695A}.Debug|Win32.ActiveCfg = Debug|Win32
		{3624D250-1D8B-400F-8789-426A6A70695A}.Debug|Win32.Build.0 = Debug|Win32
		{3624D250-1D8B-400F-8789-426A6A70695A}.MinSizeRel|Win32.ActiveCfg = MinSizeRel|Win32
		{3624D250-1D8B-400F-8789-426A6A70695A}.MinSizeRel|Win32.Build.0 = MinSizeRel|Win32
		{3624D250-1D8B-400F-8789-426A6A70695A}.Release|Win32.ActiveCfg = Release|Win32
		{3624D250-1D8B-400F-8789-426A6A70695A}.Release|Win32.Build.0 = Release|Win32
		{3624D250-1D8B-400F-8789-426A6A70695A}.RelWithDebInfo|Win32.ActiveCfg = RelWithDebInfo|Win32
		{3624D250-1D8B-400F-8789-426A6A70695A}.RelWithDebInfo|Win32.Build.0 = RelWithDebInfo|Win32
		{F336BAA2-49AD-4B99-B22B-82609406D622}.Debug|Win32.ActiveCfg = Debug|Win32
		{F336BAA2-49AD-4B99-B22B-82609406D622}.Debug|Win32.Build.0 = Debug|Win32
		{F336BAA2-49AD-4B99-B22B-82609406D622}.MinSizeRel|Win32.ActiveCfg = Release|Win32
		{F336BAA2-49AD-4B99-B22B-82609406D622}.MinSizeRel|Win32.Build.0 = Release|Win32
		{F336BAA2-49AD-4B99-B22B-82609406D622}.Release|Win32.ActiveCfg = Release|Win32
		{F336BAA2-49AD-4B99-B22B-82609406D622}.Release|Win32.Build.0 = Release|Win32
		{F336BAA2-49AD-4B99-B22B-82609406D622}.RelWithDebInfo|Win32.ActiveCfg = Release|Win32
		{F336BAA2-49AD-4B99-B22B-82609406D622}.RelWithDebInfo|Win32.Build.0 = Release|Win32
	EndGlobalSection
	GlobalSection(SolutionProperties) = preSolution
		HideSolutionNode = FALSE
	EndGlobalSection
	GlobalSection(NestedProjects) = preSolution
		{B840523D-406F-4603-9235-3F13B2D710B3} = {E379DB3D-8A31-4355-A2B3-6E9BD6C77C5E}
		{39378548-E563-4513-B3CA-CFCF9F8B3BF1} = {E379DB3D-8A31-4355-A2B3-6E9BD6C77C5E}
		{4B5B9A32-42A0-4A91-B17F-A9D43A65540C} = {E379DB3D-8A31-4355-A2B3-6E9BD6C77C5E}
		{53AF0885-4D28-49DF-B5B7-A8FDAF2D48CC} = {E379DB3D-8A31-4355-A2B3-6E9BD6C77C5E}
		{3624D250-1D8B-400F-8789-426A6A70695A} = {E379DB3D-8A31-4355-A2B3-6E9BD6C77C5E}
		{C0C05BA1-5845-4F2A-9ABC-845FAED21774} = {E379DB3D-8A31-4355-A2B3-6E9BD6C77C5E}
	EndGlobalSection
EndGlobal
